# This file is autogenerated, do not edit; changes may be undone by the next 'dep ensure'.


[[projects]]
  branch = "master"
  digest = "1:2d75e9b18c57e4d453cb5410728e625addff833ffaaf1839c9511ed74581d876"
  name = "github.com/mackerelio/go-mackerel-plugin"
  packages = ["."]
  pruneopts = "UT"
  revision = "d8f0ff0871b9e0f85db920041749fa052f42521d"

[[projects]]
  branch = "master"
  digest = "1:7e47cc9dd2ecb99c552800893f68706f979cf2a0d91e6336f9aea17e5369f34c"
  name = "github.com/mackerelio/golib"
  packages = ["pluginutil"]
  pruneopts = "UT"
  revision = "da44a97ec554e309d5de3b47fee6cad8187c3027"

[[projects]]
  branch = "master"
  digest = "1:74a950aa035c7f5dcff3c1c18b1098be107e4cf029120050686e2e31cb871029"
  name = "github.com/mercari/go-httpstats"
  packages = ["."]
  pruneopts = "UT"
  revision = "34fb78524912335cbb8c0bbef6358f0f2278795b"

[[projects]]
  digest = "1:246ab598a22ea9d50f46e65f655f78161a19822f6597268b02f04af998684807"
  name = "github.com/montanaflynn/stats"
  packages = ["."]
  pruneopts = "UT"
  revision = "1bf9dbcd8cbe1fdb75add3785b1d4a9a646269ab"
  version = "0.3.0"

[solve-meta]
  analyzer-name = "dep"
  analyzer-version = 1
  input-imports = [
    "github.com/mackerelio/go-mackerel-plugin",
    "github.com/mercari/go-httpstats",
  ]
  solver-name = "gps-cdcl"
  solver-version = 1
